// !$*UTF8*$!
{
	archiveVersion = 1;
	classes = {
	};
	objectVersion = 46;
	objects = {

/* Begin PBXBuildFile section */
		BB5613D61770DB7C00B49389 /* main.cpp in Sources */ = {isa = PBXBuildFile; fileRef = BB5613D51770DB7C00B49389 /* main.cpp */; };
		BB5613D81770DB7C00B49389 /* CompileFrontEnd.1 in CopyFiles */ = {isa = PBXBuildFile; fileRef = BB5613D71770DB7C00B49389 /* CompileFrontEnd.1 */; };
/* End PBXBuildFile section */

/* Begin PBXCopyFilesBuildPhase section */
		BB5613D01770DB7C00B49389 /* CopyFiles */ = {
			isa = PBXCopyFilesBuildPhase;
			buildActionMask = 2147483647;
			dstPath = /usr/share/man/man1/;
			dstSubfolderSpec = 0;
			files = (
				BB5613D81770DB7C00B49389 /* CompileFrontEnd.1 in CopyFiles */,
			);
			runOnlyForDeploymentPostprocessing = 1;
		};
/* End PBXCopyFilesBuildPhase section */

/* Begin PBXFileReference section */
		BB5613D21770DB7C00B49389 /* CompileFrontEnd */ = {isa = PBXFileReference; explicitFileType = "compiled.mach-o.executable"; includeInIndex = 0; path = CompileFrontEnd; sourceTree = BUILT_PRODUCTS_DIR; };
		BB5613D51770DB7C00B49389 /* main.cpp */ = {isa = PBXFileReference; lastKnownFileType = sourcecode.cpp.cpp; path = main.cpp; sourceTree = "<group>"; };
		BB5613D71770DB7C00B49389 /* CompileFrontEnd.1 */ = {isa = PBXFileReference; lastKnownFileType = text.man; path = CompileFrontEnd.1; sourceTree = "<group>"; };
/* End PBXFileReference section */

/* Begin PBXFrameworksBuildPhase section */
		BB5613CF1770DB7C00B49389 /* Frameworks */ = {
			isa = PBXFrameworksBuildPhase;
			buildActionMask = 2147483647;
			files = (
			);
			runOnlyForDeploymentPostprocessing = 0;
		};
/* End PBXFrameworksBuildPhase section */

/* Begin PBXGroup section */
		BB5613C91770DB7C00B49389 = {
			isa = PBXGroup;
			children = (
				BB5613D41770DB7C00B49389 /* CompileFrontEnd */,
				BB5613D31770DB7C00B49389 /* Products */,
			);
			sourceTree = "<group>";
		};
		BB5613D31770DB7C00B49389 /* Products */ = {
			isa = PBXGroup;
			children = (
				BB5613D21770DB7C00B49389 /* CompileFrontEnd */,
			);
			name = Products;
			sourceTree = "<group>";
		};
		BB5613D41770DB7C00B49389 /* CompileFrontEnd */ = {
			isa = PBXGroup;
			children = (
				BB5613D51770DB7C00B49389 /* main.cpp */,
				BB5613D71770DB7C00B49389 /* CompileFrontEnd.1 */,
			);
			path = CompileFrontEnd;
			sourceTree = "<group>";
		};
/* End PBXGroup section */

/* Begin PBXNativeTarget section */
		BB5613D11770DB7C00B49389 /* CompileFrontEnd */ = {
			isa = PBXNativeTarget;
			buildConfigurationList = BB5613DB1770DB7C00B49389 /* Build configuration list for PBXNativeTarget "CompileFrontEnd" */;
			buildPhases = (
				BB5613CE1770DB7C00B49389 /* Sources */,
				BB5613CF1770DB7C00B49389 /* Frameworks */,
				BB5613D01770DB7C00B49389 /* CopyFiles */,
			);
			buildRules = (
			);
			dependencies = (
			);
			name = CompileFrontEnd;
			productName = CompileFrontEnd;
			productReference = BB5613D21770DB7C00B49389 /* CompileFrontEnd */;
			productType = "com.apple.product-type.tool";
		};
/* End PBXNativeTarget section */

/* Begin PBXProject section */
		BB5613CA1770DB7C00B49389 /* Project object */ = {
			isa = PBXProject;
			attributes = {
				LastUpgradeCheck = 0460;
				ORGANIZATIONNAME = "Boy-Mark";
			};
			buildConfigurationList = BB5613CD1770DB7C00B49389 /* Build configuration list for PBXProject "CompileFrontEnd" */;
			compatibilityVersion = "Xcode 3.2";
			developmentRegion = English;
			hasScannedForEncodings = 0;
			knownRegions = (
				en,
			);
			mainGroup = BB5613C91770DB7C00B49389;
			productRefGroup = BB5613D31770DB7C00B49389 /* Products */;
			projectDirPath = "";
			projectRoot = "";
			targets = (
				BB5613D11770DB7C00B49389 /* CompileFrontEnd */,
			);
		};
/* End PBXProject section */

/* Begin PBXSourcesBuildPhase section */
		BB5613CE1770DB7C00B49389 /* Sources */ = {
			isa = PBXSourcesBuildPhase;
			buildActionMask = 2147483647;
			files = (
				BB5613D61770DB7C00B49389 /* main.cpp in Sources */,
			);
			runOnlyForDeploymentPostprocessing = 0;
		};
/* End PBXSourcesBuildPhase section */

/* Begin XCBuildConfiguration section */
		BB5613D91770DB7C00B49389 /* Debug */ = {
			isa = XCBuildConfiguration;
			buildSettings = {
				ALWAYS_SEARCH_USER_PATHS = NO;
				ARCHS = "$(ARCHS_STANDARD_64_BIT)";
				CLANG_CXX_LANGUAGE_STANDARD = "gnu++0x";
				CLANG_CXX_LIBRARY = "libc++";
				CLANG_WARN_CONSTANT_CONVERSION = YES;
				CLANG_WARN_EMPTY_BODY = YES;
				CLANG_WARN_ENUM_CONVERSION = YES;
				CLANG_WARN_INT_CONVERSION = YES;
				CLANG_WARN__DUPLICATE_METHOD_MATCH = YES;
				COPY_PHASE_STRIP = NO;
				GCC_C_LANGUAGE_STANDARD = gnu99;
				GCC_DYNAMIC_NO_PIC = NO;
				GCC_ENABLE_OBJC_EXCEPTIONS = YES;
				GCC_OPTIMIZATION_LEVEL = 0;
				GCC_PREPROCESSOR_DEFINITIONS = (
					"DEBUG=1",
					"$(inherited)",
				);
				GCC_SYMBOLS_PRIVATE_EXTERN = NO;
				GCC_WARN_64_TO_32_BIT_CONVERSION = YES;
				GCC_WARN_ABOUT_RETURN_TYPE = YES;
				GCC_WARN_UNINITIALIZED_AUTOS = YES;
				GCC_WARN_UNUSED_VARIABLE = YES;
				MACOSX_DEPLOYMENT_TARGET = 10.9;
				ONLY_ACTIVE_ARCH = YES;
				SDKROOT = macosx;
			};
			name = Debug;
		};
		BB5613DA1770DB7C00B49389 /* Release */ = {
			isa = XCBuildConfiguration;
			buildSettings = {
				ALWAYS_SEARCH_USER_PATHS = NO;
				ARCHS = "$(ARCHS_STANDARD_64_BIT)";
				CLANG_CXX_LANGUAGE_STANDARD = "gnu++0x";
				CLANG_CXX_LIBRARY = "libc++";
				CLANG_WARN_CONSTANT_CONVERSION = YES;
				CLANG_WARN_EMPTY_BODY = YES;
				CLANG_WARN_ENUM_CONVERSION = YES;
				CLANG_WARN_INT_CONVERSION = YES;
				CLANG_WARN__DUPLICATE_METHOD_MATCH = YES;
				COPY_PHASE_STRIP = YES;
				DEBUG_INFORMATION_FORMAT = "dwarf-with-dsym";
				GCC_C_LANGUAGE_STANDARD = gnu99;
				GCC_ENABLE_OBJC_EXCEPTIONS = YES;
				GCC_WARN_64_TO_32_BIT_CONVERSION = YES;
				GCC_WARN_ABOUT_RETURN_TYPE = YES;
				GCC_WARN_UNINITIALIZED_AUTOS = YES;
				GCC_WARN_UNUSED_VARIABLE = YES;
				MACOSX_DEPLOYMENT_TARGET = 10.9;
				SDKROOT = macosx;
			};
			name = Release;
		};
		BB5613DC1770DB7C00B49389 /* Debug */ = {
			isa = XCBuildConfiguration;
			buildSettings = {
				PRODUCT_NAME = "$(TARGET_NAME)";
			};
			name = Debug;
		};
		BB5613DD1770DB7C00B49389 /* Release */ = {
			isa = XCBuildConfiguration;
			buildSettings = {
				PRODUCT_NAME = "$(TARGET_NAME)";
			};
			name = Release;
		};
/* End XCBuildConfiguration section */

/* Begin XCConfigurationList section */
		BB5613CD1770DB7C00B49389 /* Build configuration list for PBXProject "CompileFrontEnd" */ = {
			isa = XCConfigurationList;
			buildConfigurations = (
				BB5613D91770DB7C00B49389 /* Debug */,
				BB5613DA1770DB7C00B49389 /* Release */,
			);
			defaultConfigurationIsVisible = 0;
			defaultConfigurationName = Release;
		};
		BB5613DB1770DB7C00B49389 /* Build configuration list for PBXNativeTarget "CompileFrontEnd" */ = {
			isa = XCConfigurationList;
			buildConfigurations = (
				BB5613DC1770DB7C00B49389 /* Debug */,
				BB5613DD1770DB7C00B49389 /* Release */,
			);
			defaultConfigurationIsVisible = 0;
		};
/* End XCConfigurationList section */
	};
	rootObject = BB5613CA1770DB7C00B49389 /* Project object */;
}
